
Microsoft Visual Studio Solution File, Format Version 12.00
Project("{FAE04EC0-301F-11D3-BF4B-00C04F79EFBC}") = "Codecool.UserManagement", "Codecool.UserManagement\Codecool.UserManagement.csproj", "{063C9266-99F8-4838-B48C-D2B6FCA80723}"
EndProject
Global
	GlobalSection(SolutionConfigurationPlatforms) = preSolution
		Debug|Any CPU = Debug|Any CPU
		Release|Any CPU = Release|Any CPU
	EndGlobalSection
	GlobalSection(ProjectConfigurationPlatforms) = postSolution
		{063C9266-99F8-4838-B48C-D2B6FCA80723}.Debug|Any CPU.ActiveCfg = Debug|Any CPU
		{063C9266-99F8-4838-B48C-D2B6FCA80723}.Debug|Any CPU.Build.0 = Debug|Any CPU
		{063C9266-99F8-4838-B48C-D2B6FCA80723}.Release|Any CPU.ActiveCfg = Release|Any CPU
		{063C9266-99F8-4838-B48C-D2B6FCA80723}.Release|Any CPU.Build.0 = Release|Any CPU
	EndGlobalSection
EndGlobal
